
Microsoft Visual Studio Solution File, Format Version 12.00
# Visual Studio Version 17
VisualStudioVersion = 17.1.32407.343
MinimumVisualStudioVersion = 10.0.40219.1
Project("{FAE04EC0-301F-11D3-BF4B-00C04F79EFBC}") = "KB-Launcher", "KFBA-Launcher\KB-Launcher.csproj", "{2A4FC5BF-8F32-412D-A200-6AEEFE0763EB}"
EndProject
Global
	GlobalSection(SolutionConfigurationPlatforms) = preSolution
		Debug|Any CPU = Debug|Any CPU
		Release|Any CPU = Release|Any CPU
	EndGlobalSection
	GlobalSection(ProjectConfigurationPlatforms) = postSolution
		{2A4FC5BF-8F32-412D-A200-6AEEFE0763EB}.Debug|Any CPU.ActiveCfg = Debug|Any CPU
		{2A4FC5BF-8F32-412D-A200-6AEEFE0763EB}.Debug|Any CPU.Build.0 = Debug|Any CPU
		{2A4FC5BF-8F32-412D-A200-6AEEFE0763EB}.Release|Any CPU.ActiveCfg = Release|Any CPU
		{2A4FC5BF-8F32-412D-A200-6AEEFE0763EB}.Release|Any CPU.Build.0 = Release|Any CPU
	EndGlobalSection
	GlobalSection(SolutionProperties) = preSolution
		HideSolutionNode = FALSE
	EndGlobalSection
	GlobalSection(ExtensibilityGlobals) = postSolution
		SolutionGuid = {2067D8AA-7B3F-46FB-AA36-E63D37CE4F3F}
	EndGlobalSection
EndGlobal
